github.com/awryme/sse-go v0.0.0-20250420213924-fedd2fae5f1e h1:BcYNY9QgP7zWe50jemNBt6Y0qXIGyPXnVR89WW3kOrk=
github.com/awryme/sse-go v0.0.0-20250420213924-fedd2fae5f1e/go.mod h1:MYIjjQtRih70gvEt7pIACHo+NCDZCcInn/11CFxDBd4=
github.com/matryer/is v1.4.1 h1:55ehd8zaGABKLXQUe2awZ99BD/PTc2ls+KV/dXphgEQ=
github.com/matryer/is v1.4.1/go.mod h1:8I/i5uYgLzgsgEloJE1U6xx5HkBQpAZvepWuujKwMRU=
github.com/valyala/fastjson v1.6.4 h1:uAUNq9Z6ymTgGhcm0UynUAB6tlbakBrz6CQFax3BXVQ=
github.com/valyala/fastjson v1.6.4/go.mod h1:CLCAqky6SMuOcxStkYQvblddUtoRxhYMGLrsQns1aXY=
